// !$*UTF8*$!
{
	archiveVersion = 1;
	classes = {
	};
	objectVersion = 50;
	objects = {

/* Begin PBXBuildFile section */
		54C1112C224858EA00F8123E /* Acceso.c in Sources */ = {isa = PBXBuildFile; fileRef = 54C1112B224858EA00F8123E /* Acceso.c */; };
		54C1112E224902E700F8123E /* Principal.c in Sources */ = {isa = PBXBuildFile; fileRef = 54C1112D224902E700F8123E /* Principal.c */; };
/* End PBXBuildFile section */

/* Begin PBXCopyFilesBuildPhase section */
		54C1111E2248573E00F8123E /* CopyFiles */ = {
			isa = PBXCopyFilesBuildPhase;
			buildActionMask = 2147483647;
			dstPath = /usr/share/man/man1/;
			dstSubfolderSpec = 0;
			files = (
			);
			runOnlyForDeploymentPostprocessing = 1;
		};
/* End PBXCopyFilesBuildPhase section */

/* Begin PBXFileReference section */
		54C111202248573E00F8123E /* A-Shop */ = {isa = PBXFileReference; explicitFileType = "compiled.mach-o.executable"; includeInIndex = 0; path = "A-Shop"; sourceTree = BUILT_PRODUCTS_DIR; };
		54C1112A224858EA00F8123E /* Acceso.h */ = {isa = PBXFileReference; lastKnownFileType = sourcecode.c.h; path = Acceso.h; sourceTree = "<group>"; };
		54C1112B224858EA00F8123E /* Acceso.c */ = {isa = PBXFileReference; lastKnownFileType = sourcecode.c.c; path = Acceso.c; sourceTree = "<group>"; };
		54C1112D224902E700F8123E /* Principal.c */ = {isa = PBXFileReference; lastKnownFileType = sourcecode.c.c; path = Principal.c; sourceTree = "<group>"; };
		54C1112F22491A8600F8123E /* usuarios.txt */ = {isa = PBXFileReference; fileEncoding = 4; lastKnownFileType = text; path = usuarios.txt; sourceTree = "<group>"; };
		54FAEFBF22502A48004BF312 /* Lista.h */ = {isa = PBXFileReference; lastKnownFileType = sourcecode.c.h; path = Lista.h; sourceTree = "<group>"; };
/* End PBXFileReference section */

/* Begin PBXFrameworksBuildPhase section */
		54C1111D2248573E00F8123E /* Frameworks */ = {
			isa = PBXFrameworksBuildPhase;
			buildActionMask = 2147483647;
			files = (
			);
			runOnlyForDeploymentPostprocessing = 0;
		};
/* End PBXFrameworksBuildPhase section */

/* Begin PBXGroup section */
		54C111172248573E00F8123E = {
			isa = PBXGroup;
			children = (
				54C111222248573E00F8123E /* A-Shop */,
				54C111212248573E00F8123E /* Products */,
			);
			sourceTree = "<group>";
		};
		54C111212248573E00F8123E /* Products */ = {
			isa = PBXGroup;
			children = (
				54C111202248573E00F8123E /* A-Shop */,
			);
			name = Products;
			sourceTree = "<group>";
		};
		54C111222248573E00F8123E /* A-Shop */ = {
			isa = PBXGroup;
			children = (
				54C1112A224858EA00F8123E /* Acceso.h */,
				54C1112B224858EA00F8123E /* Acceso.c */,
				54C1112D224902E700F8123E /* Principal.c */,
				54FAEFBF22502A48004BF312 /* Lista.h */,
				54C1112F22491A8600F8123E /* usuarios.txt */,
			);
			path = "A-Shop";
			sourceTree = "<group>";
		};
/* End PBXGroup section */

/* Begin PBXNativeTarget section */
		54C1111F2248573E00F8123E /* A-Shop */ = {
			isa = PBXNativeTarget;
			buildConfigurationList = 54C111272248573E00F8123E /* Build configuration list for PBXNativeTarget "A-Shop" */;
			buildPhases = (
				54C1111C2248573E00F8123E /* Sources */,
				54C1111D2248573E00F8123E /* Frameworks */,
				54C1111E2248573E00F8123E /* CopyFiles */,
			);
			buildRules = (
			);
			dependencies = (
			);
			name = "A-Shop";
			productName = "A-Shop";
			productReference = 54C111202248573E00F8123E /* A-Shop */;
			productType = "com.apple.product-type.tool";
		};
/* End PBXNativeTarget section */

/* Begin PBXProject section */
		54C111182248573E00F8123E /* Project object */ = {
			isa = PBXProject;
			attributes = {
				LastUpgradeCheck = 1010;
				ORGANIZATIONNAME = SamArtGS;
				TargetAttributes = {
					54C1111F2248573E00F8123E = {
						CreatedOnToolsVersion = 10.1;
					};
				};
			};
			buildConfigurationList = 54C1111B2248573E00F8123E /* Build configuration list for PBXProject "A-Shop" */;
			compatibilityVersion = "Xcode 9.3";
			developmentRegion = en;
			hasScannedForEncodings = 0;
			knownRegions = (
				en,
			);
			mainGroup = 54C111172248573E00F8123E;
			productRefGroup = 54C111212248573E00F8123E /* Products */;
			projectDirPath = "";
			projectRoot = "";
			targets = (
				54C1111F2248573E00F8123E /* A-Shop */,
			);
		};
/* End PBXProject section */

/* Begin PBXSourcesBuildPhase section */
		54C1111C2248573E00F8123E /* Sources */ = {
			isa = PBXSourcesBuildPhase;
			buildActionMask = 2147483647;
			files = (
				54C1112E224902E700F8123E /* Principal.c in Sources */,
				54C1112C224858EA00F8123E /* Acceso.c in Sources */,
			);
			runOnlyForDeploymentPostprocessing = 0;
		};
/* End PBXSourcesBuildPhase section */

/* Begin XCBuildConfiguration section */
		54C111252248573E00F8123E /* Debug */ = {
			isa = XCBuildConfiguration;
			buildSettings = {
				ALWAYS_SEARCH_USER_PATHS = NO;
				CLANG_ANALYZER_NONNULL = YES;
				CLANG_ANALYZER_NUMBER_OBJECT_CONVERSION = YES_AGGRESSIVE;
				CLANG_CXX_LANGUAGE_STANDARD = "gnu++14";
				CLANG_CXX_LIBRARY = "libc++";
				CLANG_ENABLE_MODULES = YES;
				CLANG_ENABLE_OBJC_ARC = YES;
				CLANG_ENABLE_OBJC_WEAK = YES;
				CLANG_WARN_BLOCK_CAPTURE_AUTORELEASING = YES;
				CLANG_WARN_BOOL_CONVERSION = YES;
				CLANG_WARN_COMMA = YES;
				CLANG_WARN_CONSTANT_CONVERSION = YES;
				CLANG_WARN_DEPRECATED_OBJC_IMPLEMENTATIONS = YES;
				CLANG_WARN_DIRECT_OBJC_ISA_USAGE = YES_ERROR;
				CLANG_WARN_DOCUMENTATION_COMMENTS = YES;
				CLANG_WARN_EMPTY_BODY = YES;
				CLANG_WARN_ENUM_CONVERSION = YES;
				CLANG_WARN_INFINITE_RECURSION = YES;
				CLANG_WARN_INT_CONVERSION = YES;
				CLANG_WARN_NON_LITERAL_NULL_CONVERSION = YES;
				CLANG_WARN_OBJC_IMPLICIT_RETAIN_SELF = YES;
				CLANG_WARN_OBJC_LITERAL_CONVERSION = YES;
				CLANG_WARN_OBJC_ROOT_CLASS = YES_ERROR;
				CLANG_WARN_RANGE_LOOP_ANALYSIS = YES;
				CLANG_WARN_STRICT_PROTOTYPES = YES;
				CLANG_WARN_SUSPICIOUS_MOVE = YES;
				CLANG_WARN_UNGUARDED_AVAILABILITY = YES_AGGRESSIVE;
				CLANG_WARN_UNREACHABLE_CODE = YES;
				CLANG_WARN__DUPLICATE_METHOD_MATCH = YES;
				CODE_SIGN_IDENTITY = "Mac Developer";
				COPY_PHASE_STRIP = NO;
				DEBUG_INFORMATION_FORMAT = dwarf;
				ENABLE_STRICT_OBJC_MSGSEND = YES;
				ENABLE_TESTABILITY = YES;
				GCC_C_LANGUAGE_STANDARD = gnu11;
				GCC_DYNAMIC_NO_PIC = NO;
				GCC_NO_COMMON_BLOCKS = YES;
				GCC_OPTIMIZATION_LEVEL = 0;
				GCC_PREPROCESSOR_DEFINITIONS = (
					"DEBUG=1",
					"$(inherited)",
				);
				GCC_WARN_64_TO_32_BIT_CONVERSION = YES;
				GCC_WARN_ABOUT_RETURN_TYPE = YES_ERROR;
				GCC_WARN_UNDECLARED_SELECTOR = YES;
				GCC_WARN_UNINITIALIZED_AUTOS = YES_AGGRESSIVE;
				GCC_WARN_UNUSED_FUNCTION = YES;
				GCC_WARN_UNUSED_VARIABLE = YES;
				MACOSX_DEPLOYMENT_TARGET = 10.14;
				MTL_ENABLE_DEBUG_INFO = INCLUDE_SOURCE;
				MTL_FAST_MATH = YES;
				ONLY_ACTIVE_ARCH = YES;
				SDKROOT = macosx;
			};
			name = Debug;
		};
		54C111262248573E00F8123E /* Release */ = {
			isa = XCBuildConfiguration;
			buildSettings = {
				ALWAYS_SEARCH_USER_PATHS = NO;
				CLANG_ANALYZER_NONNULL = YES;
				CLANG_ANALYZER_NUMBER_OBJECT_CONVERSION = YES_AGGRESSIVE;
				CLANG_CXX_LANGUAGE_STANDARD = "gnu++14";
				CLANG_CXX_LIBRARY = "libc++";
				CLANG_ENABLE_MODULES = YES;
				CLANG_ENABLE_OBJC_ARC = YES;
				CLANG_ENABLE_OBJC_WEAK = YES;
				CLANG_WARN_BLOCK_CAPTURE_AUTORELEASING = YES;
				CLANG_WARN_BOOL_CONVERSION = YES;
				CLANG_WARN_COMMA = YES;
				CLANG_WARN_CONSTANT_CONVERSION = YES;
				CLANG_WARN_DEPRECATED_OBJC_IMPLEMENTATIONS = YES;
				CLANG_WARN_DIRECT_OBJC_ISA_USAGE = YES_ERROR;
				CLANG_WARN_DOCUMENTATION_COMMENTS = YES;
				CLANG_WARN_EMPTY_BODY = YES;
				CLANG_WARN_ENUM_CONVERSION = YES;
				CLANG_WARN_INFINITE_RECURSION = YES;
				CLANG_WARN_INT_CONVERSION = YES;
				CLANG_WARN_NON_LITERAL_NULL_CONVERSION = YES;
				CLANG_WARN_OBJC_IMPLICIT_RETAIN_SELF = YES;
				CLANG_WARN_OBJC_LITERAL_CONVERSION = YES;
				CLANG_WARN_OBJC_ROOT_CLASS = YES_ERROR;
				CLANG_WARN_RANGE_LOOP_ANALYSIS = YES;
				CLANG_WARN_STRICT_PROTOTYPES = YES;
				CLANG_WARN_SUSPICIOUS_MOVE = YES;
				CLANG_WARN_UNGUARDED_AVAILABILITY = YES_AGGRESSIVE;
				CLANG_WARN_UNREACHABLE_CODE = YES;
				CLANG_WARN__DUPLICATE_METHOD_MATCH = YES;
				CODE_SIGN_IDENTITY = "Mac Developer";
				COPY_PHASE_STRIP = NO;
				DEBUG_INFORMATION_FORMAT = "dwarf-with-dsym";
				ENABLE_NS_ASSERTIONS = NO;
				ENABLE_STRICT_OBJC_MSGSEND = YES;
				GCC_C_LANGUAGE_STANDARD = gnu11;
				GCC_NO_COMMON_BLOCKS = YES;
				GCC_WARN_64_TO_32_BIT_CONVERSION = YES;
				GCC_WARN_ABOUT_RETURN_TYPE = YES_ERROR;
				GCC_WARN_UNDECLARED_SELECTOR = YES;
				GCC_WARN_UNINITIALIZED_AUTOS = YES_AGGRESSIVE;
				GCC_WARN_UNUSED_FUNCTION = YES;
				GCC_WARN_UNUSED_VARIABLE = YES;
				MACOSX_DEPLOYMENT_TARGET = 10.14;
				MTL_ENABLE_DEBUG_INFO = NO;
				MTL_FAST_MATH = YES;
				SDKROOT = macosx;
			};
			name = Release;
		};
		54C111282248573E00F8123E /* Debug */ = {
			isa = XCBuildConfiguration;
			buildSettings = {
				CODE_SIGN_STYLE = Automatic;
				DEVELOPMENT_TEAM = FDTCRD4BVY;
				PRODUCT_NAME = "$(TARGET_NAME)";
			};
			name = Debug;
		};
		54C111292248573E00F8123E /* Release */ = {
			isa = XCBuildConfiguration;
			buildSettings = {
				CODE_SIGN_STYLE = Automatic;
				DEVELOPMENT_TEAM = FDTCRD4BVY;
				PRODUCT_NAME = "$(TARGET_NAME)";
			};
			name = Release;
		};
/* End XCBuildConfiguration section */

/* Begin XCConfigurationList section */
		54C1111B2248573E00F8123E /* Build configuration list for PBXProject "A-Shop" */ = {
			isa = XCConfigurationList;
			buildConfigurations = (
				54C111252248573E00F8123E /* Debug */,
				54C111262248573E00F8123E /* Release */,
			);
			defaultConfigurationIsVisible = 0;
			defaultConfigurationName = Release;
		};
		54C111272248573E00F8123E /* Build configuration list for PBXNativeTarget "A-Shop" */ = {
			isa = XCConfigurationList;
			buildConfigurations = (
				54C111282248573E00F8123E /* Debug */,
				54C111292248573E00F8123E /* Release */,
			);
			defaultConfigurationIsVisible = 0;
			defaultConfigurationName = Release;
		};
/* End XCConfigurationList section */
	};
	rootObject = 54C111182248573E00F8123E /* Project object */;
}
